
Microsoft Visual Studio Solution File, Format Version 12.00
# Visual Studio Version 17
VisualStudioVersion = 17.9.34728.123
MinimumVisualStudioVersion = 10.0.40219.1
Project("{FAE04EC0-301F-11D3-BF4B-00C04F79EFBC}") = "AppWindows", "AppWindows\AppWindows.csproj", "{2C0CCB51-E873-45E8-8AC9-24937CE3632D}"
EndProject
Project("{9A19103F-16F7-4668-BE54-9A1E7A4F7556}") = "ChatIntegrado", "ChatIntegrado\ChatIntegrado.csproj", "{FC8EE779-4FB5-40D4-B004-A0A789799F61}"
EndProject
Global
	GlobalSection(SolutionConfigurationPlatforms) = preSolution
		Debug|Any CPU = Debug|Any CPU
		Release|Any CPU = Release|Any CPU
	EndGlobalSection
	GlobalSection(ProjectConfigurationPlatforms) = postSolution
		{2C0CCB51-E873-45E8-8AC9-24937CE3632D}.Debug|Any CPU.ActiveCfg = Debug|Any CPU
		{2C0CCB51-E873-45E8-8AC9-24937CE3632D}.Debug|Any CPU.Build.0 = Debug|Any CPU
		{2C0CCB51-E873-45E8-8AC9-24937CE3632D}.Release|Any CPU.ActiveCfg = Release|Any CPU
		{2C0CCB51-E873-45E8-8AC9-24937CE3632D}.Release|Any CPU.Build.0 = Release|Any CPU
		{FC8EE779-4FB5-40D4-B004-A0A789799F61}.Debug|Any CPU.ActiveCfg = Debug|Any CPU
		{FC8EE779-4FB5-40D4-B004-A0A789799F61}.Debug|Any CPU.Build.0 = Debug|Any CPU
		{FC8EE779-4FB5-40D4-B004-A0A789799F61}.Release|Any CPU.ActiveCfg = Release|Any CPU
		{FC8EE779-4FB5-40D4-B004-A0A789799F61}.Release|Any CPU.Build.0 = Release|Any CPU
	EndGlobalSection
	GlobalSection(SolutionProperties) = preSolution
		HideSolutionNode = FALSE
	EndGlobalSection
	GlobalSection(ExtensibilityGlobals) = postSolution
		SolutionGuid = {DEBE398C-8468-4056-AB19-B7050B6906A2}
	EndGlobalSection
EndGlobal
